{
  "name": "fetch-proxy",
  "version": "1.0.0",
  "lockfileVersion": 3,
  "requires": true,
  "packages": {
    "": {
      "name": "fetch-proxy",
      "version": "1.0.0",
      "license": "ISC",
      "dependencies": {
        "undici": "^7.2.0"
      }
    },
    "node_modules/undici": {
      "version": "7.2.0",
      "resolved": "https://registry.npmjs.org/undici/-/undici-7.2.0.tgz",
      "integrity": "sha512-klt+0S55GBViA9nsq48/NSCo4YX5mjydjypxD7UmHh/brMu8h/Mhd/F7qAeoH2NOO8SDTk6kjnTFc4WpzmfYpQ==",
      "engines": {
        "node": ">=20.18.1"
      }
    }
  }
}
